{
  "name": "harness-synthetic-project",
  "version": "1.0.0",
  "lockfileVersion": 3,
  "requires": true,
  "packages": {
    "": {
      "name": "harness-synthetic-project",
      "version": "1.0.0",
      "devDependencies": {
        "vite-node": "file:./fake-vite-node"
      }
    },
    "fake-vite-node": {
      "name": "vite-node",
      "version": "1.0.0"
    },
    "node_modules/vite-node": {
      "resolved": "fake-vite-node",
      "link": true
    }
  }
}
